Microsoft Visual Studio Solution File, Format Version 12.00
# Visual Studio 15
VisualStudioVersion = 15.0.26430.14
MinimumVisualStudioVersion = 15.0.26124.0
Project("{9A19103F-16F7-4668-BE54-9A1E7A4F7556}") = "Fibon.Api", "Fibon.Api\Fibon.Api.csproj", "{A034CF11-FA2D-4108-A482-92AB451BC94F}"
EndProject
Project("{9A19103F-16F7-4668-BE54-9A1E7A4F7556}") = "Fibon.Service", "Fibon.Service\Fibon.Service.csproj", "{AFDFFDD1-86DF-44A5-A16F-AA2B17CA2B6C}"
EndProject
Project("{9A19103F-16F7-4668-BE54-9A1E7A4F7556}") = "Fibon.Messages", "Fibon.Messages\Fibon.Messages.csproj", "{F1970837-09AA-4129-9740-786385385DB1}"
EndProject
Global
	GlobalSection(SolutionConfigurationPlatforms) = preSolution
		Debug|Any CPU = Debug|Any CPU
		Debug|x64 = Debug|x64
		Debug|x86 = Debug|x86
		Release|Any CPU = Release|Any CPU
		Release|x64 = Release|x64
		Release|x86 = Release|x86
	EndGlobalSection
	GlobalSection(ProjectConfigurationPlatforms) = postSolution
		{A034CF11-FA2D-4108-A482-92AB451BC94F}.Debug|Any CPU.ActiveCfg = Debug|Any CPU
		{A034CF11-FA2D-4108-A482-92AB451BC94F}.Debug|Any CPU.Build.0 = Debug|Any CPU
		{A034CF11-FA2D-4108-A482-92AB451BC94F}.Debug|x64.ActiveCfg = Debug|Any CPU
		{A034CF11-FA2D-4108-A482-92AB451BC94F}.Debug|x64.Build.0 = Debug|Any CPU
		{A034CF11-FA2D-4108-A482-92AB451BC94F}.Debug|x86.ActiveCfg = Debug|Any CPU
		{A034CF11-FA2D-4108-A482-92AB451BC94F}.Debug|x86.Build.0 = Debug|Any CPU
		{A034CF11-FA2D-4108-A482-92AB451BC94F}.Release|Any CPU.ActiveCfg = Release|Any CPU
		{A034CF11-FA2D-4108-A482-92AB451BC94F}.Release|Any CPU.Build.0 = Release|Any CPU
		{A034CF11-FA2D-4108-A482-92AB451BC94F}.Release|x64.ActiveCfg = Release|Any CPU
		{A034CF11-FA2D-4108-A482-92AB451BC94F}.Release|x64.Build.0 = Release|Any CPU
		{A034CF11-FA2D-4108-A482-92AB451BC94F}.Release|x86.ActiveCfg = Release|Any CPU
		{A034CF11-FA2D-4108-A482-92AB451BC94F}.Release|x86.Build.0 = Release|Any CPU
		{AFDFFDD1-86DF-44A5-A16F-AA2B17CA2B6C}.Debug|Any CPU.ActiveCfg = Debug|Any CPU
		{AFDFFDD1-86DF-44A5-A16F-AA2B17CA2B6C}.Debug|Any CPU.Build.0 = Debug|Any CPU
		{AFDFFDD1-86DF-44A5-A16F-AA2B17CA2B6C}.Debug|x64.ActiveCfg = Debug|Any CPU
		{AFDFFDD1-86DF-44A5-A16F-AA2B17CA2B6C}.Debug|x64.Build.0 = Debug|Any CPU
		{AFDFFDD1-86DF-44A5-A16F-AA2B17CA2B6C}.Debug|x86.ActiveCfg = Debug|Any CPU
		{AFDFFDD1-86DF-44A5-A16F-AA2B17CA2B6C}.Debug|x86.Build.0 = Debug|Any CPU
		{AFDFFDD1-86DF-44A5-A16F-AA2B17CA2B6C}.Release|Any CPU.ActiveCfg = Release|Any CPU
		{AFDFFDD1-86DF-44A5-A16F-AA2B17CA2B6C}.Release|Any CPU.Build.0 = Release|Any CPU
		{AFDFFDD1-86DF-44A5-A16F-AA2B17CA2B6C}.Release|x64.ActiveCfg = Release|Any CPU
		{AFDFFDD1-86DF-44A5-A16F-AA2B17CA2B6C}.Release|x64.Build.0 = Release|Any CPU
		{AFDFFDD1-86DF-44A5-A16F-AA2B17CA2B6C}.Release|x86.ActiveCfg = Release|Any CPU
		{AFDFFDD1-86DF-44A5-A16F-AA2B17CA2B6C}.Release|x86.Build.0 = Release|Any CPU
		{F1970837-09AA-4129-9740-786385385DB1}.Debug|Any CPU.ActiveCfg = Debug|Any CPU
		{F1970837-09AA-4129-9740-786385385DB1}.Debug|Any CPU.Build.0 = Debug|Any CPU
		{F1970837-09AA-4129-9740-786385385DB1}.Debug|x64.ActiveCfg = Debug|Any CPU
		{F1970837-09AA-4129-9740-786385385DB1}.Debug|x64.Build.0 = Debug|Any CPU
		{F1970837-09AA-4129-9740-786385385DB1}.Debug|x86.ActiveCfg = Debug|Any CPU
		{F1970837-09AA-4129-9740-786385385DB1}.Debug|x86.Build.0 = Debug|Any CPU
		{F1970837-09AA-4129-9740-786385385DB1}.Release|Any CPU.ActiveCfg = Release|Any CPU
		{F1970837-09AA-4129-9740-786385385DB1}.Release|Any CPU.Build.0 = Release|Any CPU
		{F1970837-09AA-4129-9740-786385385DB1}.Release|x64.ActiveCfg = Release|Any CPU
		{F1970837-09AA-4129-9740-786385385DB1}.Release|x64.Build.0 = Release|Any CPU
		{F1970837-09AA-4129-9740-786385385DB1}.Release|x86.ActiveCfg = Release|Any CPU
		{F1970837-09AA-4129-9740-786385385DB1}.Release|x86.Build.0 = Release|Any CPU
	EndGlobalSection
	GlobalSection(SolutionProperties) = preSolution
		HideSolutionNode = FALSE
	EndGlobalSection
EndGlobal
